
Microsoft Visual Studio Solution File, Format Version 12.00
# Visual Studio Version 16
VisualStudioVersion = 16.0.31624.102
MinimumVisualStudioVersion = 10.0.40219.1
Project("{9A19103F-16F7-4668-BE54-9A1E7A4F7556}") = "scores", "bowling\scores.csproj", "{4B69CA21-EF52-40BD-8A32-13D5CB2A764C}"
EndProject
Project("{9A19103F-16F7-4668-BE54-9A1E7A4F7556}") = "BowlingRepoTest", "Bowling.Test\BowlingRepoTest.csproj", "{7C2CB26C-3874-45B3-818B-699A9FFABA75}"
EndProject
Global
	GlobalSection(SolutionConfigurationPlatforms) = preSolution
		Debug|Any CPU = Debug|Any CPU
		Release|Any CPU = Release|Any CPU
	EndGlobalSection
	GlobalSection(ProjectConfigurationPlatforms) = postSolution
		{4B69CA21-EF52-40BD-8A32-13D5CB2A764C}.Debug|Any CPU.ActiveCfg = Debug|Any CPU
		{4B69CA21-EF52-40BD-8A32-13D5CB2A764C}.Debug|Any CPU.Build.0 = Debug|Any CPU
		{4B69CA21-EF52-40BD-8A32-13D5CB2A764C}.Release|Any CPU.ActiveCfg = Release|Any CPU
		{4B69CA21-EF52-40BD-8A32-13D5CB2A764C}.Release|Any CPU.Build.0 = Release|Any CPU
		{7C2CB26C-3874-45B3-818B-699A9FFABA75}.Debug|Any CPU.ActiveCfg = Debug|Any CPU
		{7C2CB26C-3874-45B3-818B-699A9FFABA75}.Debug|Any CPU.Build.0 = Debug|Any CPU
		{7C2CB26C-3874-45B3-818B-699A9FFABA75}.Release|Any CPU.ActiveCfg = Release|Any CPU
		{7C2CB26C-3874-45B3-818B-699A9FFABA75}.Release|Any CPU.Build.0 = Release|Any CPU
	EndGlobalSection
	GlobalSection(SolutionProperties) = preSolution
		HideSolutionNode = FALSE
	EndGlobalSection
	GlobalSection(ExtensibilityGlobals) = postSolution
		SolutionGuid = {44682FFB-9392-4C05-B9E3-F83DAEF1C43D}
	EndGlobalSection
EndGlobal
